
Microsoft Visual Studio Solution File, Format Version 12.00
# Visual Studio Version 17
VisualStudioVersion = 17.4.33110.190
MinimumVisualStudioVersion = 10.0.40219.1
Project("{FAE04EC0-301F-11D3-BF4B-00C04F79EFBC}") = "Metods", "Metods\Metods.csproj", "{AA155741-673D-4709-8F72-CD520577E97C}"
EndProject
Global
	GlobalSection(SolutionConfigurationPlatforms) = preSolution
		Debug|Any CPU = Debug|Any CPU
		Release|Any CPU = Release|Any CPU
	EndGlobalSection
	GlobalSection(ProjectConfigurationPlatforms) = postSolution
		{AA155741-673D-4709-8F72-CD520577E97C}.Debug|Any CPU.ActiveCfg = Debug|Any CPU
		{AA155741-673D-4709-8F72-CD520577E97C}.Debug|Any CPU.Build.0 = Debug|Any CPU
		{AA155741-673D-4709-8F72-CD520577E97C}.Release|Any CPU.ActiveCfg = Release|Any CPU
		{AA155741-673D-4709-8F72-CD520577E97C}.Release|Any CPU.Build.0 = Release|Any CPU
	EndGlobalSection
	GlobalSection(SolutionProperties) = preSolution
		HideSolutionNode = FALSE
	EndGlobalSection
	GlobalSection(ExtensibilityGlobals) = postSolution
		SolutionGuid = {7E2F5CD0-A8EF-4A0C-ABB4-40D8E794C06E}
	EndGlobalSection
EndGlobal
